
Microsoft Visual Studio Solution File, Format Version 12.00
# Visual Studio Version 17
VisualStudioVersion = 17.5.33627.172
MinimumVisualStudioVersion = 15.0.26124.0
Project("{8BC9CEB8-8B4A-11D0-8D11-00A0C91BC942}") = "CppCliInterop", "CppCliInterop\CppCliInterop.vcxproj", "{D72A5A0F-4FB0-4E11-ADE7-40CC377D06E9}"
EndProject
Project("{9A19103F-16F7-4668-BE54-9A1E7A4F7556}") = "ManagedLibraryCore", "ManagedLibraryCore\ManagedLibraryCore.csproj", "{14DA10C8-AC12-4456-AA41-740A5699ED97}"
EndProject
Project("{FAE04EC0-301F-11D3-BF4B-00C04F79EFBC}") = "ClassLibraryUWP", "ClassLibraryUWP\ClassLibraryUWP.csproj", "{966A013A-E290-4116-A8B3-8631ABF3A06D}"
EndProject
Project("{FAE04EC0-301F-11D3-BF4B-00C04F79EFBC}") = "AppUWP", "AppUWP\AppUWP.csproj", "{35C6746E-6D55-4E7C-BD66-83DFE7AF0023}"
EndProject
Project("{8BC9CEB8-8B4A-11D0-8D11-00A0C91BC942}") = "MFCApplication", "MFCApplication\MFCApplication.vcxproj", "{798F98A0-1FDA-4078-A980-AA950F73E47D}"
	ProjectSection(ProjectDependencies) = postProject
		{0B40306C-67F8-4F8C-82B9-969CEDA6E282} = {0B40306C-67F8-4F8C-82B9-969CEDA6E282}
	EndProjectSection
EndProject
Project("{8BC9CEB8-8B4A-11D0-8D11-00A0C91BC942}") = "MFCLibrary1", "MFCLibrary1\MFCLibrary1.vcxproj", "{0B40306C-67F8-4F8C-82B9-969CEDA6E282}"
EndProject
Project("{2150E333-8FDC-42A3-9474-1A3956D46DE8}") = "apps", "apps", "{B69EC38D-FE9D-4DC0-B02A-BB9254500F99}"
EndProject
Project("{9A19103F-16F7-4668-BE54-9A1E7A4F7556}") = "ManagedLibraryNet47", "ManagedLibraryNet47\ManagedLibraryNet47.csproj", "{25BC8016-0D87-4C38-AB3C-7D582CB221F4}"
EndProject
Global
	GlobalSection(SolutionConfigurationPlatforms) = preSolution
		Debug|Any CPU = Debug|Any CPU
		Debug|ARM = Debug|ARM
		Debug|ARM64 = Debug|ARM64
		Debug|x64 = Debug|x64
		Debug|x86 = Debug|x86
		Release|Any CPU = Release|Any CPU
		Release|ARM = Release|ARM
		Release|ARM64 = Release|ARM64
		Release|x64 = Release|x64
		Release|x86 = Release|x86
	EndGlobalSection
	GlobalSection(ProjectConfigurationPlatforms) = postSolution
		{D72A5A0F-4FB0-4E11-ADE7-40CC377D06E9}.Debug|Any CPU.ActiveCfg = Debug|x64
		{D72A5A0F-4FB0-4E11-ADE7-40CC377D06E9}.Debug|Any CPU.Build.0 = Debug|x64
		{D72A5A0F-4FB0-4E11-ADE7-40CC377D06E9}.Debug|ARM.ActiveCfg = Debug|x64
		{D72A5A0F-4FB0-4E11-ADE7-40CC377D06E9}.Debug|ARM.Build.0 = Debug|x64
		{D72A5A0F-4FB0-4E11-ADE7-40CC377D06E9}.Debug|ARM64.ActiveCfg = Debug|x64
		{D72A5A0F-4FB0-4E11-ADE7-40CC377D06E9}.Debug|ARM64.Build.0 = Debug|x64
		{D72A5A0F-4FB0-4E11-ADE7-40CC377D06E9}.Debug|x64.ActiveCfg = Debug|x64
		{D72A5A0F-4FB0-4E11-ADE7-40CC377D06E9}.Debug|x64.Build.0 = Debug|x64
		{D72A5A0F-4FB0-4E11-ADE7-40CC377D06E9}.Debug|x86.ActiveCfg = Debug|Win32
		{D72A5A0F-4FB0-4E11-ADE7-40CC377D06E9}.Debug|x86.Build.0 = Debug|Win32
		{D72A5A0F-4FB0-4E11-ADE7-40CC377D06E9}.Release|Any CPU.ActiveCfg = Release|Win32
		{D72A5A0F-4FB0-4E11-ADE7-40CC377D06E9}.Release|ARM.ActiveCfg = Release|x64
		{D72A5A0F-4FB0-4E11-ADE7-40CC377D06E9}.Release|ARM.Build.0 = Release|x64
		{D72A5A0F-4FB0-4E11-ADE7-40CC377D06E9}.Release|ARM64.ActiveCfg = Release|x64
		{D72A5A0F-4FB0-4E11-ADE7-40CC377D06E9}.Release|ARM64.Build.0 = Release|x64
		{D72A5A0F-4FB0-4E11-ADE7-40CC377D06E9}.Release|x64.ActiveCfg = Release|x64
		{D72A5A0F-4FB0-4E11-ADE7-40CC377D06E9}.Release|x64.Build.0 = Release|x64
		{D72A5A0F-4FB0-4E11-ADE7-40CC377D06E9}.Release|x86.ActiveCfg = Release|Win32
		{D72A5A0F-4FB0-4E11-ADE7-40CC377D06E9}.Release|x86.Build.0 = Release|Win32
		{14DA10C8-AC12-4456-AA41-740A5699ED97}.Debug|Any CPU.ActiveCfg = Debug|x64
		{14DA10C8-AC12-4456-AA41-740A5699ED97}.Debug|Any CPU.Build.0 = Debug|x64
		{14DA10C8-AC12-4456-AA41-740A5699ED97}.Debug|ARM.ActiveCfg = Debug|Any CPU
		{14DA10C8-AC12-4456-AA41-740A5699ED97}.Debug|ARM.Build.0 = Debug|Any CPU
		{14DA10C8-AC12-4456-AA41-740A5699ED97}.Debug|ARM64.ActiveCfg = Debug|Any CPU
		{14DA10C8-AC12-4456-AA41-740A5699ED97}.Debug|ARM64.Build.0 = Debug|Any CPU
		{14DA10C8-AC12-4456-AA41-740A5699ED97}.Debug|x64.ActiveCfg = Debug|x64
		{14DA10C8-AC12-4456-AA41-740A5699ED97}.Debug|x64.Build.0 = Debug|x64
		{14DA10C8-AC12-4456-AA41-740A5699ED97}.Debug|x86.ActiveCfg = Debug|Any CPU
		{14DA10C8-AC12-4456-AA41-740A5699ED97}.Debug|x86.Build.0 = Debug|Any CPU
		{14DA10C8-AC12-4456-AA41-740A5699ED97}.Release|Any CPU.ActiveCfg = Release|Any CPU
		{14DA10C8-AC12-4456-AA41-740A5699ED97}.Release|Any CPU.Build.0 = Release|Any CPU
		{14DA10C8-AC12-4456-AA41-740A5699ED97}.Release|ARM.ActiveCfg = Release|Any CPU
		{14DA10C8-AC12-4456-AA41-740A5699ED97}.Release|ARM.Build.0 = Release|Any CPU
		{14DA10C8-AC12-4456-AA41-740A5699ED97}.Release|ARM64.ActiveCfg = Release|Any CPU
		{14DA10C8-AC12-4456-AA41-740A5699ED97}.Release|ARM64.Build.0 = Release|Any CPU
		{14DA10C8-AC12-4456-AA41-740A5699ED97}.Release|x64.ActiveCfg = Release|Any CPU
		{14DA10C8-AC12-4456-AA41-740A5699ED97}.Release|x64.Build.0 = Release|Any CPU
		{14DA10C8-AC12-4456-AA41-740A5699ED97}.Release|x86.ActiveCfg = Release|Any CPU
		{14DA10C8-AC12-4456-AA41-740A5699ED97}.Release|x86.Build.0 = Release|Any CPU
		{966A013A-E290-4116-A8B3-8631ABF3A06D}.Debug|Any CPU.ActiveCfg = Debug|Any CPU
		{966A013A-E290-4116-A8B3-8631ABF3A06D}.Debug|Any CPU.Build.0 = Debug|Any CPU
		{966A013A-E290-4116-A8B3-8631ABF3A06D}.Debug|ARM.ActiveCfg = Debug|ARM
		{966A013A-E290-4116-A8B3-8631ABF3A06D}.Debug|ARM.Build.0 = Debug|ARM
		{966A013A-E290-4116-A8B3-8631ABF3A06D}.Debug|ARM64.ActiveCfg = Debug|ARM64
		{966A013A-E290-4116-A8B3-8631ABF3A06D}.Debug|ARM64.Build.0 = Debug|ARM64
		{966A013A-E290-4116-A8B3-8631ABF3A06D}.Debug|x64.ActiveCfg = Debug|x64
		{966A013A-E290-4116-A8B3-8631ABF3A06D}.Debug|x64.Build.0 = Debug|x64
		{966A013A-E290-4116-A8B3-8631ABF3A06D}.Debug|x86.ActiveCfg = Debug|x86
		{966A013A-E290-4116-A8B3-8631ABF3A06D}.Debug|x86.Build.0 = Debug|x86
		{966A013A-E290-4116-A8B3-8631ABF3A06D}.Release|Any CPU.ActiveCfg = Release|Any CPU
		{966A013A-E290-4116-A8B3-8631ABF3A06D}.Release|Any CPU.Build.0 = Release|Any CPU
		{966A013A-E290-4116-A8B3-8631ABF3A06D}.Release|ARM.ActiveCfg = Release|ARM
		{966A013A-E290-4116-A8B3-8631ABF3A06D}.Release|ARM.Build.0 = Release|ARM
		{966A013A-E290-4116-A8B3-8631ABF3A06D}.Release|ARM64.ActiveCfg = Release|ARM64
		{966A013A-E290-4116-A8B3-8631ABF3A06D}.Release|ARM64.Build.0 = Release|ARM64
		{966A013A-E290-4116-A8B3-8631ABF3A06D}.Release|x64.ActiveCfg = Release|x64
		{966A013A-E290-4116-A8B3-8631ABF3A06D}.Release|x64.Build.0 = Release|x64
		{966A013A-E290-4116-A8B3-8631ABF3A06D}.Release|x86.ActiveCfg = Release|x86
		{966A013A-E290-4116-A8B3-8631ABF3A06D}.Release|x86.Build.0 = Release|x86
		{35C6746E-6D55-4E7C-BD66-83DFE7AF0023}.Debug|Any CPU.ActiveCfg = Debug|x64
		{35C6746E-6D55-4E7C-BD66-83DFE7AF0023}.Debug|Any CPU.Build.0 = Debug|x64
		{35C6746E-6D55-4E7C-BD66-83DFE7AF0023}.Debug|Any CPU.Deploy.0 = Debug|x64
		{35C6746E-6D55-4E7C-BD66-83DFE7AF0023}.Debug|ARM.ActiveCfg = Debug|ARM
		{35C6746E-6D55-4E7C-BD66-83DFE7AF0023}.Debug|ARM.Build.0 = Debug|ARM
		{35C6746E-6D55-4E7C-BD66-83DFE7AF0023}.Debug|ARM.Deploy.0 = Debug|ARM
		{35C6746E-6D55-4E7C-BD66-83DFE7AF0023}.Debug|ARM64.ActiveCfg = Debug|ARM64
		{35C6746E-6D55-4E7C-BD66-83DFE7AF0023}.Debug|ARM64.Build.0 = Debug|ARM64
		{35C6746E-6D55-4E7C-BD66-83DFE7AF0023}.Debug|ARM64.Deploy.0 = Debug|ARM64
		{35C6746E-6D55-4E7C-BD66-83DFE7AF0023}.Debug|x64.ActiveCfg = Debug|x64
		{35C6746E-6D55-4E7C-BD66-83DFE7AF0023}.Debug|x64.Build.0 = Debug|x64
		{35C6746E-6D55-4E7C-BD66-83DFE7AF0023}.Debug|x64.Deploy.0 = Debug|x64
		{35C6746E-6D55-4E7C-BD66-83DFE7AF0023}.Debug|x86.ActiveCfg = Debug|x86
		{35C6746E-6D55-4E7C-BD66-83DFE7AF0023}.Debug|x86.Build.0 = Debug|x86
		{35C6746E-6D55-4E7C-BD66-83DFE7AF0023}.Debug|x86.Deploy.0 = Debug|x86
		{35C6746E-6D55-4E7C-BD66-83DFE7AF0023}.Release|Any CPU.ActiveCfg = Release|x64
		{35C6746E-6D55-4E7C-BD66-83DFE7AF0023}.Release|Any CPU.Build.0 = Release|x64
		{35C6746E-6D55-4E7C-BD66-83DFE7AF0023}.Release|Any CPU.Deploy.0 = Release|x64
		{35C6746E-6D55-4E7C-BD66-83DFE7AF0023}.Release|ARM.ActiveCfg = Release|ARM
		{35C6746E-6D55-4E7C-BD66-83DFE7AF0023}.Release|ARM.Build.0 = Release|ARM
		{35C6746E-6D55-4E7C-BD66-83DFE7AF0023}.Release|ARM.Deploy.0 = Release|ARM
		{35C6746E-6D55-4E7C-BD66-83DFE7AF0023}.Release|ARM64.ActiveCfg = Release|ARM64
		{35C6746E-6D55-4E7C-BD66-83DFE7AF0023}.Release|ARM64.Build.0 = Release|ARM64
		{35C6746E-6D55-4E7C-BD66-83DFE7AF0023}.Release|ARM64.Deploy.0 = Release|ARM64
		{35C6746E-6D55-4E7C-BD66-83DFE7AF0023}.Release|x64.ActiveCfg = Release|x64
		{35C6746E-6D55-4E7C-BD66-83DFE7AF0023}.Release|x64.Build.0 = Release|x64
		{35C6746E-6D55-4E7C-BD66-83DFE7AF0023}.Release|x64.Deploy.0 = Release|x64
		{35C6746E-6D55-4E7C-BD66-83DFE7AF0023}.Release|x86.ActiveCfg = Release|x86
		{35C6746E-6D55-4E7C-BD66-83DFE7AF0023}.Release|x86.Build.0 = Release|x86
		{35C6746E-6D55-4E7C-BD66-83DFE7AF0023}.Release|x86.Deploy.0 = Release|x86
		{798F98A0-1FDA-4078-A980-AA950F73E47D}.Debug|Any CPU.ActiveCfg = Debug|x64
		{798F98A0-1FDA-4078-A980-AA950F73E47D}.Debug|Any CPU.Build.0 = Debug|x64
		{798F98A0-1FDA-4078-A980-AA950F73E47D}.Debug|ARM.ActiveCfg = Debug|x64
		{798F98A0-1FDA-4078-A980-AA950F73E47D}.Debug|ARM.Build.0 = Debug|x64
		{798F98A0-1FDA-4078-A980-AA950F73E47D}.Debug|ARM64.ActiveCfg = Debug|x64
		{798F98A0-1FDA-4078-A980-AA950F73E47D}.Debug|ARM64.Build.0 = Debug|x64
		{798F98A0-1FDA-4078-A980-AA950F73E47D}.Debug|x64.ActiveCfg = Debug|x64
		{798F98A0-1FDA-4078-A980-AA950F73E47D}.Debug|x64.Build.0 = Debug|x64
		{798F98A0-1FDA-4078-A980-AA950F73E47D}.Debug|x86.ActiveCfg = Debug|Win32
		{798F98A0-1FDA-4078-A980-AA950F73E47D}.Debug|x86.Build.0 = Debug|Win32
		{798F98A0-1FDA-4078-A980-AA950F73E47D}.Release|Any CPU.ActiveCfg = Release|x64
		{798F98A0-1FDA-4078-A980-AA950F73E47D}.Release|Any CPU.Build.0 = Release|x64
		{798F98A0-1FDA-4078-A980-AA950F73E47D}.Release|ARM.ActiveCfg = Release|x64
		{798F98A0-1FDA-4078-A980-AA950F73E47D}.Release|ARM.Build.0 = Release|x64
		{798F98A0-1FDA-4078-A980-AA950F73E47D}.Release|ARM64.ActiveCfg = Release|x64
		{798F98A0-1FDA-4078-A980-AA950F73E47D}.Release|ARM64.Build.0 = Release|x64
		{798F98A0-1FDA-4078-A980-AA950F73E47D}.Release|x64.ActiveCfg = Release|x64
		{798F98A0-1FDA-4078-A980-AA950F73E47D}.Release|x64.Build.0 = Release|x64
		{798F98A0-1FDA-4078-A980-AA950F73E47D}.Release|x86.ActiveCfg = Release|Win32
		{798F98A0-1FDA-4078-A980-AA950F73E47D}.Release|x86.Build.0 = Release|Win32
		{0B40306C-67F8-4F8C-82B9-969CEDA6E282}.Debug|Any CPU.ActiveCfg = Debug|x64
		{0B40306C-67F8-4F8C-82B9-969CEDA6E282}.Debug|Any CPU.Build.0 = Debug|x64
		{0B40306C-67F8-4F8C-82B9-969CEDA6E282}.Debug|ARM.ActiveCfg = Debug|Win32
		{0B40306C-67F8-4F8C-82B9-969CEDA6E282}.Debug|ARM64.ActiveCfg = Debug|Win32
		{0B40306C-67F8-4F8C-82B9-969CEDA6E282}.Debug|x64.ActiveCfg = Debug|x64
		{0B40306C-67F8-4F8C-82B9-969CEDA6E282}.Debug|x64.Build.0 = Debug|x64
		{0B40306C-67F8-4F8C-82B9-969CEDA6E282}.Debug|x86.ActiveCfg = Debug|Win32
		{0B40306C-67F8-4F8C-82B9-969CEDA6E282}.Debug|x86.Build.0 = Debug|Win32
		{0B40306C-67F8-4F8C-82B9-969CEDA6E282}.Release|Any CPU.ActiveCfg = Release|Win32
		{0B40306C-67F8-4F8C-82B9-969CEDA6E282}.Release|ARM.ActiveCfg = Release|Win32
		{0B40306C-67F8-4F8C-82B9-969CEDA6E282}.Release|ARM64.ActiveCfg = Release|Win32
		{0B40306C-67F8-4F8C-82B9-969CEDA6E282}.Release|x64.ActiveCfg = Release|x64
		{0B40306C-67F8-4F8C-82B9-969CEDA6E282}.Release|x64.Build.0 = Release|x64
		{0B40306C-67F8-4F8C-82B9-969CEDA6E282}.Release|x86.ActiveCfg = Release|Win32
		{0B40306C-67F8-4F8C-82B9-969CEDA6E282}.Release|x86.Build.0 = Release|Win32
		{25BC8016-0D87-4C38-AB3C-7D582CB221F4}.Debug|Any CPU.ActiveCfg = Debug|Any CPU
		{25BC8016-0D87-4C38-AB3C-7D582CB221F4}.Debug|Any CPU.Build.0 = Debug|Any CPU
		{25BC8016-0D87-4C38-AB3C-7D582CB221F4}.Debug|ARM.ActiveCfg = Debug|Any CPU
		{25BC8016-0D87-4C38-AB3C-7D582CB221F4}.Debug|ARM.Build.0 = Debug|Any CPU
		{25BC8016-0D87-4C38-AB3C-7D582CB221F4}.Debug|ARM64.ActiveCfg = Debug|Any CPU
		{25BC8016-0D87-4C38-AB3C-7D582CB221F4}.Debug|ARM64.Build.0 = Debug|Any CPU
		{25BC8016-0D87-4C38-AB3C-7D582CB221F4}.Debug|x64.ActiveCfg = Debug|x64
		{25BC8016-0D87-4C38-AB3C-7D582CB221F4}.Debug|x64.Build.0 = Debug|x64
		{25BC8016-0D87-4C38-AB3C-7D582CB221F4}.Debug|x86.ActiveCfg = Debug|Any CPU
		{25BC8016-0D87-4C38-AB3C-7D582CB221F4}.Debug|x86.Build.0 = Debug|Any CPU
		{25BC8016-0D87-4C38-AB3C-7D582CB221F4}.Release|Any CPU.ActiveCfg = Release|Any CPU
		{25BC8016-0D87-4C38-AB3C-7D582CB221F4}.Release|Any CPU.Build.0 = Release|Any CPU
		{25BC8016-0D87-4C38-AB3C-7D582CB221F4}.Release|ARM.ActiveCfg = Release|Any CPU
		{25BC8016-0D87-4C38-AB3C-7D582CB221F4}.Release|ARM.Build.0 = Release|Any CPU
		{25BC8016-0D87-4C38-AB3C-7D582CB221F4}.Release|ARM64.ActiveCfg = Release|Any CPU
		{25BC8016-0D87-4C38-AB3C-7D582CB221F4}.Release|ARM64.Build.0 = Release|Any CPU
		{25BC8016-0D87-4C38-AB3C-7D582CB221F4}.Release|x64.ActiveCfg = Release|x64
		{25BC8016-0D87-4C38-AB3C-7D582CB221F4}.Release|x64.Build.0 = Release|x64
		{25BC8016-0D87-4C38-AB3C-7D582CB221F4}.Release|x86.ActiveCfg = Release|Any CPU
		{25BC8016-0D87-4C38-AB3C-7D582CB221F4}.Release|x86.Build.0 = Release|Any CPU
	EndGlobalSection
	GlobalSection(SolutionProperties) = preSolution
		HideSolutionNode = FALSE
	EndGlobalSection
	GlobalSection(NestedProjects) = preSolution
		{35C6746E-6D55-4E7C-BD66-83DFE7AF0023} = {B69EC38D-FE9D-4DC0-B02A-BB9254500F99}
		{798F98A0-1FDA-4078-A980-AA950F73E47D} = {B69EC38D-FE9D-4DC0-B02A-BB9254500F99}
	EndGlobalSection
	GlobalSection(ExtensibilityGlobals) = postSolution
		SolutionGuid = {D51AD281-33B1-4798-8A8C-7CDD5BA3B40F}
	EndGlobalSection
EndGlobal
